
Microsoft Visual Studio Solution File, Format Version 11.00
# Visual Studio 2010
Project("{F14B399A-7131-4C87-9E4B-1186C45EF12D}") = "AutoTestReport", "AutoTestReport.rptproj", "{FF9F3D6F-9321-461E-A632-A01709D86A17}"
EndProject
Global
	GlobalSection(SolutionConfigurationPlatforms) = preSolution
		Debug|Default = Debug|Default
		DebugLocal|Default = DebugLocal|Default
		Release|Default = Release|Default
	EndGlobalSection
	GlobalSection(ProjectConfigurationPlatforms) = postSolution
		{FF9F3D6F-9321-461E-A632-A01709D86A17}.Debug|Default.ActiveCfg = Debug
		{FF9F3D6F-9321-461E-A632-A01709D86A17}.Debug|Default.Build.0 = DebugLocal
		{FF9F3D6F-9321-461E-A632-A01709D86A17}.Debug|Default.Deploy.0 = DebugLocal
		{FF9F3D6F-9321-461E-A632-A01709D86A17}.DebugLocal|Default.ActiveCfg = DebugLocal
		{FF9F3D6F-9321-461E-A632-A01709D86A17}.DebugLocal|Default.Build.0 = DebugLocal
		{FF9F3D6F-9321-461E-A632-A01709D86A17}.Release|Default.ActiveCfg = Release
		{FF9F3D6F-9321-461E-A632-A01709D86A17}.Release|Default.Build.0 = Release
		{FF9F3D6F-9321-461E-A632-A01709D86A17}.Release|Default.Deploy.0 = Release
	EndGlobalSection
	GlobalSection(SolutionProperties) = preSolution
		HideSolutionNode = FALSE
	EndGlobalSection
EndGlobal
