
Microsoft Visual Studio Solution File, Format Version 11.00
# Visual Studio 2010
Project("{F14B399A-7131-4C87-9E4B-1186C45EF12D}") = "RegressionTestReport", "RegressionTestReport.rptproj", "{90D06D5C-999B-498E-95B7-D62ED4FDC117}"
EndProject
Global
	GlobalSection(SolutionConfigurationPlatforms) = preSolution
		Debug|Default = Debug|Default
		DebugLocal|Default = DebugLocal|Default
		Release|Default = Release|Default
	EndGlobalSection
	GlobalSection(ProjectConfigurationPlatforms) = postSolution
		{90D06D5C-999B-498E-95B7-D62ED4FDC117}.Debug|Default.ActiveCfg = Debug
		{90D06D5C-999B-498E-95B7-D62ED4FDC117}.Debug|Default.Build.0 = DebugLocal
		{90D06D5C-999B-498E-95B7-D62ED4FDC117}.Debug|Default.Deploy.0 = DebugLocal
		{90D06D5C-999B-498E-95B7-D62ED4FDC117}.DebugLocal|Default.ActiveCfg = DebugLocal
		{90D06D5C-999B-498E-95B7-D62ED4FDC117}.DebugLocal|Default.Build.0 = DebugLocal
		{90D06D5C-999B-498E-95B7-D62ED4FDC117}.Release|Default.ActiveCfg = Release
		{90D06D5C-999B-498E-95B7-D62ED4FDC117}.Release|Default.Build.0 = Release
		{90D06D5C-999B-498E-95B7-D62ED4FDC117}.Release|Default.Deploy.0 = Release
	EndGlobalSection
	GlobalSection(SolutionProperties) = preSolution
		HideSolutionNode = FALSE
	EndGlobalSection
EndGlobal
