
Microsoft Visual Studio Solution File, Format Version 11.00
# Visual Studio 2010
Project("{F14B399A-7131-4C87-9E4B-1186C45EF12D}") = "SSRSCustomProfileReport", "SSRSCustomProfileReport.rptproj", "{A6721A14-CDAF-4527-968A-6ABDEE54A6A3}"
EndProject
Global
	GlobalSection(SolutionConfigurationPlatforms) = preSolution
		Debug|Default = Debug|Default
		DebugLocal|Default = DebugLocal|Default
		Release|Default = Release|Default
	EndGlobalSection
	GlobalSection(ProjectConfigurationPlatforms) = postSolution
		{A6721A14-CDAF-4527-968A-6ABDEE54A6A3}.Debug|Default.ActiveCfg = Debug
		{A6721A14-CDAF-4527-968A-6ABDEE54A6A3}.Debug|Default.Build.0 = DebugLocal
		{A6721A14-CDAF-4527-968A-6ABDEE54A6A3}.Debug|Default.Deploy.0 = DebugLocal
		{A6721A14-CDAF-4527-968A-6ABDEE54A6A3}.DebugLocal|Default.ActiveCfg = DebugLocal
		{A6721A14-CDAF-4527-968A-6ABDEE54A6A3}.DebugLocal|Default.Build.0 = DebugLocal
		{A6721A14-CDAF-4527-968A-6ABDEE54A6A3}.Release|Default.ActiveCfg = Release
		{A6721A14-CDAF-4527-968A-6ABDEE54A6A3}.Release|Default.Build.0 = Release
		{A6721A14-CDAF-4527-968A-6ABDEE54A6A3}.Release|Default.Deploy.0 = Release
	EndGlobalSection
	GlobalSection(SolutionProperties) = preSolution
		HideSolutionNode = FALSE
	EndGlobalSection
EndGlobal
